// !$*UTF8*$!
{
	archiveVersion = 1;
	classes = {
	};
	objectVersion = 46;
	objects = {

/* Begin PBXBuildFile section */
		D30727181923FAEA00FBF439 /* Foundation.framework in Frameworks */ = {isa = PBXBuildFile; fileRef = D30727171923FAEA00FBF439 /* Foundation.framework */; };
		D307271A1923FAEA00FBF439 /* CoreGraphics.framework in Frameworks */ = {isa = PBXBuildFile; fileRef = D30727191923FAEA00FBF439 /* CoreGraphics.framework */; };
		D307271C1923FAEA00FBF439 /* UIKit.framework in Frameworks */ = {isa = PBXBuildFile; fileRef = D307271B1923FAEA00FBF439 /* UIKit.framework */; };
		D30727221923FAEA00FBF439 /* InfoPlist.strings in Resources */ = {isa = PBXBuildFile; fileRef = D30727201923FAEA00FBF439 /* InfoPlist.strings */; };
		D30727241923FAEA00FBF439 /* main.m in Sources */ = {isa = PBXBuildFile; fileRef = D30727231923FAEA00FBF439 /* main.m */; };
		D30727281923FAEA00FBF439 /* FMAppDelegate.m in Sources */ = {isa = PBXBuildFile; fileRef = D30727271923FAEA00FBF439 /* FMAppDelegate.m */; };
		D307272B1923FAEA00FBF439 /* Main.storyboard in Resources */ = {isa = PBXBuildFile; fileRef = D30727291923FAEA00FBF439 /* Main.storyboard */; };
		D307272E1923FAEA00FBF439 /* FMViewController.m in Sources */ = {isa = PBXBuildFile; fileRef = D307272D1923FAEA00FBF439 /* FMViewController.m */; };
		D30727301923FAEA00FBF439 /* Images.xcassets in Resources */ = {isa = PBXBuildFile; fileRef = D307272F1923FAEA00FBF439 /* Images.xcassets */; };
		D30727371923FAEA00FBF439 /* XCTest.framework in Frameworks */ = {isa = PBXBuildFile; fileRef = D30727361923FAEA00FBF439 /* XCTest.framework */; };
		D30727381923FAEA00FBF439 /* Foundation.framework in Frameworks */ = {isa = PBXBuildFile; fileRef = D30727171923FAEA00FBF439 /* Foundation.framework */; };
		D30727391923FAEA00FBF439 /* UIKit.framework in Frameworks */ = {isa = PBXBuildFile; fileRef = D307271B1923FAEA00FBF439 /* UIKit.framework */; };
		D30727411923FAEA00FBF439 /* InfoPlist.strings in Resources */ = {isa = PBXBuildFile; fileRef = D307273F1923FAEA00FBF439 /* InfoPlist.strings */; };
		D30727431923FAEA00FBF439 /* BarCodeTestTests.m in Sources */ = {isa = PBXBuildFile; fileRef = D30727421923FAEA00FBF439 /* BarCodeTestTests.m */; };
		D307274D1924F4A100FBF439 /* beep.mp3 in Resources */ = {isa = PBXBuildFile; fileRef = D307274C1924F4A100FBF439 /* beep.mp3 */; };
		D307274F1924F8C500FBF439 /* BallBounce.caf in Resources */ = {isa = PBXBuildFile; fileRef = D307274E1924F8C500FBF439 /* BallBounce.caf */; };
		D3C5198419253C5600A0B9E0 /* FMProduct.m in Sources */ = {isa = PBXBuildFile; fileRef = D3C5198319253C5600A0B9E0 /* FMProduct.m */; };
/* End PBXBuildFile section */

/* Begin PBXContainerItemProxy section */
		D307273A1923FAEA00FBF439 /* PBXContainerItemProxy */ = {
			isa = PBXContainerItemProxy;
			containerPortal = D307270C1923FAEA00FBF439 /* Project object */;
			proxyType = 1;
			remoteGlobalIDString = D30727131923FAEA00FBF439;
			remoteInfo = BarCodeTest;
		};
/* End PBXContainerItemProxy section */

/* Begin PBXFileReference section */
		D30727141923FAEA00FBF439 /* BarCodeTest.app */ = {isa = PBXFileReference; explicitFileType = wrapper.application; includeInIndex = 0; path = BarCodeTest.app; sourceTree = BUILT_PRODUCTS_DIR; };
		D30727171923FAEA00FBF439 /* Foundation.framework */ = {isa = PBXFileReference; lastKnownFileType = wrapper.framework; name = Foundation.framework; path = System/Library/Frameworks/Foundation.framework; sourceTree = SDKROOT; };
		D30727191923FAEA00FBF439 /* CoreGraphics.framework */ = {isa = PBXFileReference; lastKnownFileType = wrapper.framework; name = CoreGraphics.framework; path = System/Library/Frameworks/CoreGraphics.framework; sourceTree = SDKROOT; };
		D307271B1923FAEA00FBF439 /* UIKit.framework */ = {isa = PBXFileReference; lastKnownFileType = wrapper.framework; name = UIKit.framework; path = System/Library/Frameworks/UIKit.framework; sourceTree = SDKROOT; };
		D307271F1923FAEA00FBF439 /* BarCodeTest-Info.plist */ = {isa = PBXFileReference; lastKnownFileType = text.plist.xml; path = "BarCodeTest-Info.plist"; sourceTree = "<group>"; };
		D30727211923FAEA00FBF439 /* en */ = {isa = PBXFileReference; lastKnownFileType = text.plist.strings; name = en; path = en.lproj/InfoPlist.strings; sourceTree = "<group>"; };
		D30727231923FAEA00FBF439 /* main.m */ = {isa = PBXFileReference; lastKnownFileType = sourcecode.c.objc; path = main.m; sourceTree = "<group>"; };
		D30727251923FAEA00FBF439 /* BarCodeTest-Prefix.pch */ = {isa = PBXFileReference; lastKnownFileType = sourcecode.c.h; path = "BarCodeTest-Prefix.pch"; sourceTree = "<group>"; };
		D30727261923FAEA00FBF439 /* FMAppDelegate.h */ = {isa = PBXFileReference; lastKnownFileType = sourcecode.c.h; path = FMAppDelegate.h; sourceTree = "<group>"; };
		D30727271923FAEA00FBF439 /* FMAppDelegate.m */ = {isa = PBXFileReference; lastKnownFileType = sourcecode.c.objc; path = FMAppDelegate.m; sourceTree = "<group>"; };
		D307272A1923FAEA00FBF439 /* Base */ = {isa = PBXFileReference; lastKnownFileType = file.storyboard; name = Base; path = Base.lproj/Main.storyboard; sourceTree = "<group>"; };
		D307272C1923FAEA00FBF439 /* FMViewController.h */ = {isa = PBXFileReference; lastKnownFileType = sourcecode.c.h; path = FMViewController.h; sourceTree = "<group>"; };
		D307272D1923FAEA00FBF439 /* FMViewController.m */ = {isa = PBXFileReference; lastKnownFileType = sourcecode.c.objc; path = FMViewController.m; sourceTree = "<group>"; };
		D307272F1923FAEA00FBF439 /* Images.xcassets */ = {isa = PBXFileReference; lastKnownFileType = folder.assetcatalog; path = Images.xcassets; sourceTree = "<group>"; };
		D30727351923FAEA00FBF439 /* BarCodeTestTests.xctest */ = {isa = PBXFileReference; explicitFileType = wrapper.cfbundle; includeInIndex = 0; path = BarCodeTestTests.xctest; sourceTree = BUILT_PRODUCTS_DIR; };
		D30727361923FAEA00FBF439 /* XCTest.framework */ = {isa = PBXFileReference; lastKnownFileType = wrapper.framework; name = XCTest.framework; path = Library/Frameworks/XCTest.framework; sourceTree = DEVELOPER_DIR; };
		D307273E1923FAEA00FBF439 /* BarCodeTestTests-Info.plist */ = {isa = PBXFileReference; lastKnownFileType = text.plist.xml; path = "BarCodeTestTests-Info.plist"; sourceTree = "<group>"; };
		D30727401923FAEA00FBF439 /* en */ = {isa = PBXFileReference; lastKnownFileType = text.plist.strings; name = en; path = en.lproj/InfoPlist.strings; sourceTree = "<group>"; };
		D30727421923FAEA00FBF439 /* BarCodeTestTests.m */ = {isa = PBXFileReference; lastKnownFileType = sourcecode.c.objc; path = BarCodeTestTests.m; sourceTree = "<group>"; };
		D307274C1924F4A100FBF439 /* beep.mp3 */ = {isa = PBXFileReference; lastKnownFileType = audio.mp3; path = beep.mp3; sourceTree = "<group>"; };
		D307274E1924F8C500FBF439 /* BallBounce.caf */ = {isa = PBXFileReference; lastKnownFileType = file; path = BallBounce.caf; sourceTree = "<group>"; };
		D3C5198219253C5600A0B9E0 /* FMProduct.h */ = {isa = PBXFileReference; fileEncoding = 4; lastKnownFileType = sourcecode.c.h; path = FMProduct.h; sourceTree = "<group>"; };
		D3C5198319253C5600A0B9E0 /* FMProduct.m */ = {isa = PBXFileReference; fileEncoding = 4; lastKnownFileType = sourcecode.c.objc; path = FMProduct.m; sourceTree = "<group>"; };
/* End PBXFileReference section */

/* Begin PBXFrameworksBuildPhase section */
		D30727111923FAEA00FBF439 /* Frameworks */ = {
			isa = PBXFrameworksBuildPhase;
			buildActionMask = 2147483647;
			files = (
				D307271A1923FAEA00FBF439 /* CoreGraphics.framework in Frameworks */,
				D307271C1923FAEA00FBF439 /* UIKit.framework in Frameworks */,
				D30727181923FAEA00FBF439 /* Foundation.framework in Frameworks */,
			);
			runOnlyForDeploymentPostprocessing = 0;
		};
		D30727321923FAEA00FBF439 /* Frameworks */ = {
			isa = PBXFrameworksBuildPhase;
			buildActionMask = 2147483647;
			files = (
				D30727371923FAEA00FBF439 /* XCTest.framework in Frameworks */,
				D30727391923FAEA00FBF439 /* UIKit.framework in Frameworks */,
				D30727381923FAEA00FBF439 /* Foundation.framework in Frameworks */,
			);
			runOnlyForDeploymentPostprocessing = 0;
		};
/* End PBXFrameworksBuildPhase section */

/* Begin PBXGroup section */
		D307270B1923FAEA00FBF439 = {
			isa = PBXGroup;
			children = (
				D307271D1923FAEA00FBF439 /* BarCodeTest */,
				D307273C1923FAEA00FBF439 /* BarCodeTestTests */,
				D30727161923FAEA00FBF439 /* Frameworks */,
				D30727151923FAEA00FBF439 /* Products */,
			);
			sourceTree = "<group>";
		};
		D30727151923FAEA00FBF439 /* Products */ = {
			isa = PBXGroup;
			children = (
				D30727141923FAEA00FBF439 /* BarCodeTest.app */,
				D30727351923FAEA00FBF439 /* BarCodeTestTests.xctest */,
			);
			name = Products;
			sourceTree = "<group>";
		};
		D30727161923FAEA00FBF439 /* Frameworks */ = {
			isa = PBXGroup;
			children = (
				D30727171923FAEA00FBF439 /* Foundation.framework */,
				D30727191923FAEA00FBF439 /* CoreGraphics.framework */,
				D307271B1923FAEA00FBF439 /* UIKit.framework */,
				D30727361923FAEA00FBF439 /* XCTest.framework */,
			);
			name = Frameworks;
			sourceTree = "<group>";
		};
		D307271D1923FAEA00FBF439 /* BarCodeTest */ = {
			isa = PBXGroup;
			children = (
				D307274C1924F4A100FBF439 /* beep.mp3 */,
				D307274E1924F8C500FBF439 /* BallBounce.caf */,
				D30727261923FAEA00FBF439 /* FMAppDelegate.h */,
				D30727271923FAEA00FBF439 /* FMAppDelegate.m */,
				D30727291923FAEA00FBF439 /* Main.storyboard */,
				D307272C1923FAEA00FBF439 /* FMViewController.h */,
				D307272D1923FAEA00FBF439 /* FMViewController.m */,
				D307272F1923FAEA00FBF439 /* Images.xcassets */,
				D307271E1923FAEA00FBF439 /* Supporting Files */,
				D3C5198219253C5600A0B9E0 /* FMProduct.h */,
				D3C5198319253C5600A0B9E0 /* FMProduct.m */,
			);
			path = BarCodeTest;
			sourceTree = "<group>";
		};
		D307271E1923FAEA00FBF439 /* Supporting Files */ = {
			isa = PBXGroup;
			children = (
				D307271F1923FAEA00FBF439 /* BarCodeTest-Info.plist */,
				D30727201923FAEA00FBF439 /* InfoPlist.strings */,
				D30727231923FAEA00FBF439 /* main.m */,
				D30727251923FAEA00FBF439 /* BarCodeTest-Prefix.pch */,
			);
			name = "Supporting Files";
			sourceTree = "<group>";
		};
		D307273C1923FAEA00FBF439 /* BarCodeTestTests */ = {
			isa = PBXGroup;
			children = (
				D30727421923FAEA00FBF439 /* BarCodeTestTests.m */,
				D307273D1923FAEA00FBF439 /* Supporting Files */,
			);
			path = BarCodeTestTests;
			sourceTree = "<group>";
		};
		D307273D1923FAEA00FBF439 /* Supporting Files */ = {
			isa = PBXGroup;
			children = (
				D307273E1923FAEA00FBF439 /* BarCodeTestTests-Info.plist */,
				D307273F1923FAEA00FBF439 /* InfoPlist.strings */,
			);
			name = "Supporting Files";
			sourceTree = "<group>";
		};
/* End PBXGroup section */

/* Begin PBXNativeTarget section */
		D30727131923FAEA00FBF439 /* BarCodeTest */ = {
			isa = PBXNativeTarget;
			buildConfigurationList = D30727461923FAEA00FBF439 /* Build configuration list for PBXNativeTarget "BarCodeTest" */;
			buildPhases = (
				D30727101923FAEA00FBF439 /* Sources */,
				D30727111923FAEA00FBF439 /* Frameworks */,
				D30727121923FAEA00FBF439 /* Resources */,
			);
			buildRules = (
			);
			dependencies = (
			);
			name = BarCodeTest;
			productName = BarCodeTest;
			productReference = D30727141923FAEA00FBF439 /* BarCodeTest.app */;
			productType = "com.apple.product-type.application";
		};
		D30727341923FAEA00FBF439 /* BarCodeTestTests */ = {
			isa = PBXNativeTarget;
			buildConfigurationList = D30727491923FAEA00FBF439 /* Build configuration list for PBXNativeTarget "BarCodeTestTests" */;
			buildPhases = (
				D30727311923FAEA00FBF439 /* Sources */,
				D30727321923FAEA00FBF439 /* Frameworks */,
				D30727331923FAEA00FBF439 /* Resources */,
			);
			buildRules = (
			);
			dependencies = (
				D307273B1923FAEA00FBF439 /* PBXTargetDependency */,
			);
			name = BarCodeTestTests;
			productName = BarCodeTestTests;
			productReference = D30727351923FAEA00FBF439 /* BarCodeTestTests.xctest */;
			productType = "com.apple.product-type.bundle.unit-test";
		};
/* End PBXNativeTarget section */

/* Begin PBXProject section */
		D307270C1923FAEA00FBF439 /* Project object */ = {
			isa = PBXProject;
			attributes = {
				CLASSPREFIX = FM;
				LastUpgradeCheck = 0510;
				ORGANIZATIONNAME = "Fredrick Myers";
				TargetAttributes = {
					D30727341923FAEA00FBF439 = {
						TestTargetID = D30727131923FAEA00FBF439;
					};
				};
			};
			buildConfigurationList = D307270F1923FAEA00FBF439 /* Build configuration list for PBXProject "BarCodeTest" */;
			compatibilityVersion = "Xcode 3.2";
			developmentRegion = English;
			hasScannedForEncodings = 0;
			knownRegions = (
				en,
				Base,
			);
			mainGroup = D307270B1923FAEA00FBF439;
			productRefGroup = D30727151923FAEA00FBF439 /* Products */;
			projectDirPath = "";
			projectRoot = "";
			targets = (
				D30727131923FAEA00FBF439 /* BarCodeTest */,
				D30727341923FAEA00FBF439 /* BarCodeTestTests */,
			);
		};
/* End PBXProject section */

/* Begin PBXResourcesBuildPhase section */
		D30727121923FAEA00FBF439 /* Resources */ = {
			isa = PBXResourcesBuildPhase;
			buildActionMask = 2147483647;
			files = (
				D30727301923FAEA00FBF439 /* Images.xcassets in Resources */,
				D30727221923FAEA00FBF439 /* InfoPlist.strings in Resources */,
				D307274F1924F8C500FBF439 /* BallBounce.caf in Resources */,
				D307274D1924F4A100FBF439 /* beep.mp3 in Resources */,
				D307272B1923FAEA00FBF439 /* Main.storyboard in Resources */,
			);
			runOnlyForDeploymentPostprocessing = 0;
		};
		D30727331923FAEA00FBF439 /* Resources */ = {
			isa = PBXResourcesBuildPhase;
			buildActionMask = 2147483647;
			files = (
				D30727411923FAEA00FBF439 /* InfoPlist.strings in Resources */,
			);
			runOnlyForDeploymentPostprocessing = 0;
		};
/* End PBXResourcesBuildPhase section */

/* Begin PBXSourcesBuildPhase section */
		D30727101923FAEA00FBF439 /* Sources */ = {
			isa = PBXSourcesBuildPhase;
			buildActionMask = 2147483647;
			files = (
				D30727241923FAEA00FBF439 /* main.m in Sources */,
				D30727281923FAEA00FBF439 /* FMAppDelegate.m in Sources */,
				D3C5198419253C5600A0B9E0 /* FMProduct.m in Sources */,
				D307272E1923FAEA00FBF439 /* FMViewController.m in Sources */,
			);
			runOnlyForDeploymentPostprocessing = 0;
		};
		D30727311923FAEA00FBF439 /* Sources */ = {
			isa = PBXSourcesBuildPhase;
			buildActionMask = 2147483647;
			files = (
				D30727431923FAEA00FBF439 /* BarCodeTestTests.m in Sources */,
			);
			runOnlyForDeploymentPostprocessing = 0;
		};
/* End PBXSourcesBuildPhase section */

/* Begin PBXTargetDependency section */
		D307273B1923FAEA00FBF439 /* PBXTargetDependency */ = {
			isa = PBXTargetDependency;
			target = D30727131923FAEA00FBF439 /* BarCodeTest */;
			targetProxy = D307273A1923FAEA00FBF439 /* PBXContainerItemProxy */;
		};
/* End PBXTargetDependency section */

/* Begin PBXVariantGroup section */
		D30727201923FAEA00FBF439 /* InfoPlist.strings */ = {
			isa = PBXVariantGroup;
			children = (
				D30727211923FAEA00FBF439 /* en */,
			);
			name = InfoPlist.strings;
			sourceTree = "<group>";
		};
		D30727291923FAEA00FBF439 /* Main.storyboard */ = {
			isa = PBXVariantGroup;
			children = (
				D307272A1923FAEA00FBF439 /* Base */,
			);
			name = Main.storyboard;
			sourceTree = "<group>";
		};
		D307273F1923FAEA00FBF439 /* InfoPlist.strings */ = {
			isa = PBXVariantGroup;
			children = (
				D30727401923FAEA00FBF439 /* en */,
			);
			name = InfoPlist.strings;
			sourceTree = "<group>";
		};
/* End PBXVariantGroup section */

/* Begin XCBuildConfiguration section */
		D30727441923FAEA00FBF439 /* Debug */ = {
			isa = XCBuildConfiguration;
			buildSettings = {
				ALWAYS_SEARCH_USER_PATHS = NO;
				CLANG_CXX_LANGUAGE_STANDARD = "gnu++0x";
				CLANG_CXX_LIBRARY = "libc++";
				CLANG_ENABLE_MODULES = YES;
				CLANG_ENABLE_OBJC_ARC = YES;
				CLANG_WARN_BOOL_CONVERSION = YES;
				CLANG_WARN_CONSTANT_CONVERSION = YES;
				CLANG_WARN_DIRECT_OBJC_ISA_USAGE = YES_ERROR;
				CLANG_WARN_EMPTY_BODY = YES;
				CLANG_WARN_ENUM_CONVERSION = YES;
				CLANG_WARN_INT_CONVERSION = YES;
				CLANG_WARN_OBJC_ROOT_CLASS = YES_ERROR;
				CLANG_WARN__DUPLICATE_METHOD_MATCH = YES;
				"CODE_SIGN_IDENTITY[sdk=iphoneos*]" = "iPhone Developer";
				COPY_PHASE_STRIP = NO;
				GCC_C_LANGUAGE_STANDARD = gnu99;
				GCC_DYNAMIC_NO_PIC = NO;
				GCC_OPTIMIZATION_LEVEL = 0;
				GCC_PREPROCESSOR_DEFINITIONS = (
					"DEBUG=1",
					"$(inherited)",
				);
				GCC_SYMBOLS_PRIVATE_EXTERN = NO;
				GCC_WARN_64_TO_32_BIT_CONVERSION = YES;
				GCC_WARN_ABOUT_RETURN_TYPE = YES_ERROR;
				GCC_WARN_UNDECLARED_SELECTOR = YES;
				GCC_WARN_UNINITIALIZED_AUTOS = YES_AGGRESSIVE;
				GCC_WARN_UNUSED_FUNCTION = YES;
				GCC_WARN_UNUSED_VARIABLE = YES;
				IPHONEOS_DEPLOYMENT_TARGET = 7.1;
				ONLY_ACTIVE_ARCH = YES;
				SDKROOT = iphoneos;
			};
			name = Debug;
		};
		D30727451923FAEA00FBF439 /* Release */ = {
			isa = XCBuildConfiguration;
			buildSettings = {
				ALWAYS_SEARCH_USER_PATHS = NO;
				CLANG_CXX_LANGUAGE_STANDARD = "gnu++0x";
				CLANG_CXX_LIBRARY = "libc++";
				CLANG_ENABLE_MODULES = YES;
				CLANG_ENABLE_OBJC_ARC = YES;
				CLANG_WARN_BOOL_CONVERSION = YES;
				CLANG_WARN_CONSTANT_CONVERSION = YES;
				CLANG_WARN_DIRECT_OBJC_ISA_USAGE = YES_ERROR;
				CLANG_WARN_EMPTY_BODY = YES;
				CLANG_WARN_ENUM_CONVERSION = YES;
				CLANG_WARN_INT_CONVERSION = YES;
				CLANG_WARN_OBJC_ROOT_CLASS = YES_ERROR;
				CLANG_WARN__DUPLICATE_METHOD_MATCH = YES;
				"CODE_SIGN_IDENTITY[sdk=iphoneos*]" = "iPhone Developer";
				COPY_PHASE_STRIP = YES;
				ENABLE_NS_ASSERTIONS = NO;
				GCC_C_LANGUAGE_STANDARD = gnu99;
				GCC_WARN_64_TO_32_BIT_CONVERSION = YES;
				GCC_WARN_ABOUT_RETURN_TYPE = YES_ERROR;
				GCC_WARN_UNDECLARED_SELECTOR = YES;
				GCC_WARN_UNINITIALIZED_AUTOS = YES_AGGRESSIVE;
				GCC_WARN_UNUSED_FUNCTION = YES;
				GCC_WARN_UNUSED_VARIABLE = YES;
				IPHONEOS_DEPLOYMENT_TARGET = 7.1;
				SDKROOT = iphoneos;
				VALIDATE_PRODUCT = YES;
			};
			name = Release;
		};
		D30727471923FAEA00FBF439 /* Debug */ = {
			isa = XCBuildConfiguration;
			buildSettings = {
				ASSETCATALOG_COMPILER_APPICON_NAME = AppIcon;
				ASSETCATALOG_COMPILER_LAUNCHIMAGE_NAME = LaunchImage;
				GCC_PRECOMPILE_PREFIX_HEADER = YES;
				GCC_PREFIX_HEADER = "BarCodeTest/BarCodeTest-Prefix.pch";
				INFOPLIST_FILE = "BarCodeTest/BarCodeTest-Info.plist";
				PRODUCT_NAME = "$(TARGET_NAME)";
				WRAPPER_EXTENSION = app;
			};
			name = Debug;
		};
		D30727481923FAEA00FBF439 /* Release */ = {
			isa = XCBuildConfiguration;
			buildSettings = {
				ASSETCATALOG_COMPILER_APPICON_NAME = AppIcon;
				ASSETCATALOG_COMPILER_LAUNCHIMAGE_NAME = LaunchImage;
				GCC_PRECOMPILE_PREFIX_HEADER = YES;
				GCC_PREFIX_HEADER = "BarCodeTest/BarCodeTest-Prefix.pch";
				INFOPLIST_FILE = "BarCodeTest/BarCodeTest-Info.plist";
				PRODUCT_NAME = "$(TARGET_NAME)";
				WRAPPER_EXTENSION = app;
			};
			name = Release;
		};
		D307274A1923FAEA00FBF439 /* Debug */ = {
			isa = XCBuildConfiguration;
			buildSettings = {
				BUNDLE_LOADER = "$(BUILT_PRODUCTS_DIR)/BarCodeTest.app/BarCodeTest";
				FRAMEWORK_SEARCH_PATHS = (
					"$(SDKROOT)/Developer/Library/Frameworks",
					"$(inherited)",
					"$(DEVELOPER_FRAMEWORKS_DIR)",
				);
				GCC_PRECOMPILE_PREFIX_HEADER = YES;
				GCC_PREFIX_HEADER = "BarCodeTest/BarCodeTest-Prefix.pch";
				GCC_PREPROCESSOR_DEFINITIONS = (
					"DEBUG=1",
					"$(inherited)",
				);
				INFOPLIST_FILE = "BarCodeTestTests/BarCodeTestTests-Info.plist";
				PRODUCT_NAME = "$(TARGET_NAME)";
				TEST_HOST = "$(BUNDLE_LOADER)";
				WRAPPER_EXTENSION = xctest;
			};
			name = Debug;
		};
		D307274B1923FAEA00FBF439 /* Release */ = {
			isa = XCBuildConfiguration;
			buildSettings = {
				BUNDLE_LOADER = "$(BUILT_PRODUCTS_DIR)/BarCodeTest.app/BarCodeTest";
				FRAMEWORK_SEARCH_PATHS = (
					"$(SDKROOT)/Developer/Library/Frameworks",
					"$(inherited)",
					"$(DEVELOPER_FRAMEWORKS_DIR)",
				);
				GCC_PRECOMPILE_PREFIX_HEADER = YES;
				GCC_PREFIX_HEADER = "BarCodeTest/BarCodeTest-Prefix.pch";
				INFOPLIST_FILE = "BarCodeTestTests/BarCodeTestTests-Info.plist";
				PRODUCT_NAME = "$(TARGET_NAME)";
				TEST_HOST = "$(BUNDLE_LOADER)";
				WRAPPER_EXTENSION = xctest;
			};
			name = Release;
		};
/* End XCBuildConfiguration section */

/* Begin XCConfigurationList section */
		D307270F1923FAEA00FBF439 /* Build configuration list for PBXProject "BarCodeTest" */ = {
			isa = XCConfigurationList;
			buildConfigurations = (
				D30727441923FAEA00FBF439 /* Debug */,
				D30727451923FAEA00FBF439 /* Release */,
			);
			defaultConfigurationIsVisible = 0;
			defaultConfigurationName = Release;
		};
		D30727461923FAEA00FBF439 /* Build configuration list for PBXNativeTarget "BarCodeTest" */ = {
			isa = XCConfigurationList;
			buildConfigurations = (
				D30727471923FAEA00FBF439 /* Debug */,
				D30727481923FAEA00FBF439 /* Release */,
			);
			defaultConfigurationIsVisible = 0;
			defaultConfigurationName = Release;
		};
		D30727491923FAEA00FBF439 /* Build configuration list for PBXNativeTarget "BarCodeTestTests" */ = {
			isa = XCConfigurationList;
			buildConfigurations = (
				D307274A1923FAEA00FBF439 /* Debug */,
				D307274B1923FAEA00FBF439 /* Release */,
			);
			defaultConfigurationIsVisible = 0;
			defaultConfigurationName = Release;
		};
/* End XCConfigurationList section */
	};
	rootObject = D307270C1923FAEA00FBF439 /* Project object */;
}
